
Microsoft Visual Studio Solution File, Format Version 12.00
# Visual Studio Version 17
VisualStudioVersion = 17.2.32516.85
MinimumVisualStudioVersion = 10.0.40219.1
Project("{FAE04EC0-301F-11D3-BF4B-00C04F79EFBC}") = "MvcCoreHospitalesBackFront", "MvcCoreHospitalesBackFront\MvcCoreHospitalesBackFront.csproj", "{6C75059B-2A86-4D40-83CD-3B70B98D5241}"
EndProject
Global
	GlobalSection(SolutionConfigurationPlatforms) = preSolution
		Debug|Any CPU = Debug|Any CPU
		Release|Any CPU = Release|Any CPU
	EndGlobalSection
	GlobalSection(ProjectConfigurationPlatforms) = postSolution
		{6C75059B-2A86-4D40-83CD-3B70B98D5241}.Debug|Any CPU.ActiveCfg = Debug|Any CPU
		{6C75059B-2A86-4D40-83CD-3B70B98D5241}.Debug|Any CPU.Build.0 = Debug|Any CPU
		{6C75059B-2A86-4D40-83CD-3B70B98D5241}.Release|Any CPU.ActiveCfg = Release|Any CPU
		{6C75059B-2A86-4D40-83CD-3B70B98D5241}.Release|Any CPU.Build.0 = Release|Any CPU
	EndGlobalSection
	GlobalSection(SolutionProperties) = preSolution
		HideSolutionNode = FALSE
	EndGlobalSection
	GlobalSection(ExtensibilityGlobals) = postSolution
		SolutionGuid = {6A92A610-41CD-4441-BB4D-CE022A647E01}
	EndGlobalSection
EndGlobal
